
Microsoft Visual Studio Solution File, Format Version 12.00
# Visual Studio 2013
VisualStudioVersion = 12.0.31101.0
MinimumVisualStudioVersion = 10.0.40219.1
Project("{F14B399A-7131-4C87-9E4B-1186C45EF12D}") = "RevenueReports", "RevenueReports\RevenueReports.rptproj", "{F0B60611-0A05-4A2B-91DE-6C475711F576}"
EndProject
Global
	GlobalSection(SolutionConfigurationPlatforms) = preSolution
		Debug|Default = Debug|Default
		DebugLocal|Default = DebugLocal|Default
		Release|Default = Release|Default
	EndGlobalSection
	GlobalSection(ProjectConfigurationPlatforms) = postSolution
		{F0B60611-0A05-4A2B-91DE-6C475711F576}.Debug|Default.ActiveCfg = Debug
		{F0B60611-0A05-4A2B-91DE-6C475711F576}.Debug|Default.Build.0 = Debug
		{F0B60611-0A05-4A2B-91DE-6C475711F576}.Debug|Default.Deploy.0 = Debug
		{F0B60611-0A05-4A2B-91DE-6C475711F576}.DebugLocal|Default.ActiveCfg = DebugLocal
		{F0B60611-0A05-4A2B-91DE-6C475711F576}.DebugLocal|Default.Build.0 = DebugLocal
		{F0B60611-0A05-4A2B-91DE-6C475711F576}.Release|Default.ActiveCfg = Release
		{F0B60611-0A05-4A2B-91DE-6C475711F576}.Release|Default.Build.0 = Release
		{F0B60611-0A05-4A2B-91DE-6C475711F576}.Release|Default.Deploy.0 = Release
	EndGlobalSection
	GlobalSection(SolutionProperties) = preSolution
		HideSolutionNode = FALSE
	EndGlobalSection
EndGlobal
